
Microsoft Visual Studio Solution File, Format Version 12.00
# Visual Studio Version 17
VisualStudioVersion = 17.8.34330.188
MinimumVisualStudioVersion = 10.0.40219.1
Project("{FAE04EC0-301F-11D3-BF4B-00C04F79EFBC}") = "MovieSearchApi", "MovieSearchApi\MovieSearchApi.csproj", "{ED7260B5-1B6F-44E3-81C6-24B41194EFCF}"
EndProject
Project("{FAE04EC0-301F-11D3-BF4B-00C04F79EFBC}") = "Entity", "Entity\Entity.csproj", "{020E8EB8-24E7-46F6-BEC5-AB577460A25B}"
EndProject
Project("{FAE04EC0-301F-11D3-BF4B-00C04F79EFBC}") = "Services", "Services\Services.csproj", "{29A1672E-80AF-46D5-9A66-1E19038D63C1}"
EndProject
Global
	GlobalSection(SolutionConfigurationPlatforms) = preSolution
		Debug|Any CPU = Debug|Any CPU
		Release|Any CPU = Release|Any CPU
	EndGlobalSection
	GlobalSection(ProjectConfigurationPlatforms) = postSolution
		{ED7260B5-1B6F-44E3-81C6-24B41194EFCF}.Debug|Any CPU.ActiveCfg = Debug|Any CPU
		{ED7260B5-1B6F-44E3-81C6-24B41194EFCF}.Debug|Any CPU.Build.0 = Debug|Any CPU
		{ED7260B5-1B6F-44E3-81C6-24B41194EFCF}.Release|Any CPU.ActiveCfg = Release|Any CPU
		{ED7260B5-1B6F-44E3-81C6-24B41194EFCF}.Release|Any CPU.Build.0 = Release|Any CPU
		{020E8EB8-24E7-46F6-BEC5-AB577460A25B}.Debug|Any CPU.ActiveCfg = Debug|Any CPU
		{020E8EB8-24E7-46F6-BEC5-AB577460A25B}.Debug|Any CPU.Build.0 = Debug|Any CPU
		{020E8EB8-24E7-46F6-BEC5-AB577460A25B}.Release|Any CPU.ActiveCfg = Release|Any CPU
		{020E8EB8-24E7-46F6-BEC5-AB577460A25B}.Release|Any CPU.Build.0 = Release|Any CPU
		{29A1672E-80AF-46D5-9A66-1E19038D63C1}.Debug|Any CPU.ActiveCfg = Debug|Any CPU
		{29A1672E-80AF-46D5-9A66-1E19038D63C1}.Debug|Any CPU.Build.0 = Debug|Any CPU
		{29A1672E-80AF-46D5-9A66-1E19038D63C1}.Release|Any CPU.ActiveCfg = Release|Any CPU
		{29A1672E-80AF-46D5-9A66-1E19038D63C1}.Release|Any CPU.Build.0 = Release|Any CPU
	EndGlobalSection
	GlobalSection(SolutionProperties) = preSolution
		HideSolutionNode = FALSE
	EndGlobalSection
	GlobalSection(ExtensibilityGlobals) = postSolution
		SolutionGuid = {E5A669AC-A58C-4A7F-9DB8-E5404CE93C42}
	EndGlobalSection
EndGlobal
